
Microsoft Visual Studio Solution File, Format Version 12.00
# Visual Studio Version 17
VisualStudioVersion = 17.9.34622.214
MinimumVisualStudioVersion = 10.0.40219.1
Project("{9A19103F-16F7-4668-BE54-9A1E7A4F7556}") = "CommonLibrary", "CommonLibrary.csproj", "{278B4DC8-833D-4BFB-ADD3-01EBC89A5C06}"
EndProject
Global
	GlobalSection(SolutionConfigurationPlatforms) = preSolution
		Debug|Any CPU = Debug|Any CPU
		Release|Any CPU = Release|Any CPU
	EndGlobalSection
	GlobalSection(ProjectConfigurationPlatforms) = postSolution
		{278B4DC8-833D-4BFB-ADD3-01EBC89A5C06}.Debug|Any CPU.ActiveCfg = Debug|Any CPU
		{278B4DC8-833D-4BFB-ADD3-01EBC89A5C06}.Debug|Any CPU.Build.0 = Debug|Any CPU
		{278B4DC8-833D-4BFB-ADD3-01EBC89A5C06}.Release|Any CPU.ActiveCfg = Release|Any CPU
		{278B4DC8-833D-4BFB-ADD3-01EBC89A5C06}.Release|Any CPU.Build.0 = Release|Any CPU
	EndGlobalSection
	GlobalSection(SolutionProperties) = preSolution
		HideSolutionNode = FALSE
	EndGlobalSection
	GlobalSection(ExtensibilityGlobals) = postSolution
		SolutionGuid = {F2AFCCAA-1CF8-435F-99CA-650EE3271D75}
	EndGlobalSection
EndGlobal
